
Microsoft Visual Studio Solution File, Format Version 12.00
# Visual Studio Version 17
VisualStudioVersion = 17.0.32112.339
MinimumVisualStudioVersion = 10.0.40219.1
Project("{FAE04EC0-301F-11D3-BF4B-00C04F79EFBC}") = "JeuxDeMath", "JeuxDeMath\JeuxDeMath.csproj", "{369CDE58-B9E8-4BE0-8101-E8B13D5DBDAF}"
EndProject
Global
	GlobalSection(SolutionConfigurationPlatforms) = preSolution
		Debug|Any CPU = Debug|Any CPU
		Release|Any CPU = Release|Any CPU
	EndGlobalSection
	GlobalSection(ProjectConfigurationPlatforms) = postSolution
		{369CDE58-B9E8-4BE0-8101-E8B13D5DBDAF}.Debug|Any CPU.ActiveCfg = Debug|Any CPU
		{369CDE58-B9E8-4BE0-8101-E8B13D5DBDAF}.Debug|Any CPU.Build.0 = Debug|Any CPU
		{369CDE58-B9E8-4BE0-8101-E8B13D5DBDAF}.Release|Any CPU.ActiveCfg = Release|Any CPU
		{369CDE58-B9E8-4BE0-8101-E8B13D5DBDAF}.Release|Any CPU.Build.0 = Release|Any CPU
	EndGlobalSection
	GlobalSection(SolutionProperties) = preSolution
		HideSolutionNode = FALSE
	EndGlobalSection
	GlobalSection(ExtensibilityGlobals) = postSolution
		SolutionGuid = {2D8C36E2-4465-4F89-8D2D-78FD5A5E515F}
	EndGlobalSection
EndGlobal
